{
  "name": "rosaurajs-framework",
  "version": "1.0.0",
  "lockfileVersion": 2,
  "requires": true,
  "packages": {
    "": {
      "name": "rosaurajs-framework",
      "version": "1.0.0",
      "license": "ISC",
      "dependencies": {
        "rozaura": "^1.0.1"
      }
    },
    "node_modules/rozaura": {
      "version": "1.0.1",
      "resolved": "https://registry.npmjs.org/rozaura/-/rozaura-1.0.1.tgz",
      "integrity": "sha512-rJ4pUtuy9dDplswBpSDdRc8lqrwqPtZ9TfxuA3sdE4299Z/MpsiYSpA4CAhYaieqQP828xU57cDm5np07Vi6ag=="
    }
  },
  "dependencies": {
    "rozaura": {
      "version": "1.0.1",
      "resolved": "https://registry.npmjs.org/rozaura/-/rozaura-1.0.1.tgz",
      "integrity": "sha512-rJ4pUtuy9dDplswBpSDdRc8lqrwqPtZ9TfxuA3sdE4299Z/MpsiYSpA4CAhYaieqQP828xU57cDm5np07Vi6ag=="
    }
  }
}
